
Microsoft Visual Studio Solution File, Format Version 12.00
# Visual Studio Version 16
VisualStudioVersion = 16.0.31911.196
MinimumVisualStudioVersion = 10.0.40219.1
Project("{FAE04EC0-301F-11D3-BF4B-00C04F79EFBC}") = "MultilingualApp", "MultilingualApp.csproj", "{4034ABBA-FB66-4DB9-B660-4BFE59489A1D}"
EndProject
Global
	GlobalSection(SolutionConfigurationPlatforms) = preSolution
		Debug|Any CPU = Debug|Any CPU
		Release|Any CPU = Release|Any CPU
	EndGlobalSection
	GlobalSection(ProjectConfigurationPlatforms) = postSolution
		{4034ABBA-FB66-4DB9-B660-4BFE59489A1D}.Debug|Any CPU.ActiveCfg = Debug|Any CPU
		{4034ABBA-FB66-4DB9-B660-4BFE59489A1D}.Debug|Any CPU.Build.0 = Debug|Any CPU
		{4034ABBA-FB66-4DB9-B660-4BFE59489A1D}.Release|Any CPU.ActiveCfg = Release|Any CPU
		{4034ABBA-FB66-4DB9-B660-4BFE59489A1D}.Release|Any CPU.Build.0 = Release|Any CPU
	EndGlobalSection
	GlobalSection(SolutionProperties) = preSolution
		HideSolutionNode = FALSE
	EndGlobalSection
	GlobalSection(ExtensibilityGlobals) = postSolution
		SolutionGuid = {278DCC18-F6B6-4D79-AB99-BB900C245732}
	EndGlobalSection
EndGlobal
